
Microsoft Visual Studio Solution File, Format Version 12.00
# Visual Studio Version 17
VisualStudioVersion = 17.0.31912.275
MinimumVisualStudioVersion = 10.0.40219.1
Project("{FAE04EC0-301F-11D3-BF4B-00C04F79EFBC}") = "PracticaWireTech", "PracticaWireTech\PracticaWireTech.csproj", "{DCC9F35F-C2F5-47B5-8EAB-D0B8CD3CE590}"
EndProject
Project("{FAE04EC0-301F-11D3-BF4B-00C04F79EFBC}") = "Biblioteca", "Blibliteca\Biblioteca.csproj", "{90FB9ECE-8D04-413E-9C54-A3D7CDBD1F45}"
EndProject
Global
	GlobalSection(SolutionConfigurationPlatforms) = preSolution
		Debug|Any CPU = Debug|Any CPU
		Release|Any CPU = Release|Any CPU
	EndGlobalSection
	GlobalSection(ProjectConfigurationPlatforms) = postSolution
		{DCC9F35F-C2F5-47B5-8EAB-D0B8CD3CE590}.Debug|Any CPU.ActiveCfg = Debug|Any CPU
		{DCC9F35F-C2F5-47B5-8EAB-D0B8CD3CE590}.Debug|Any CPU.Build.0 = Debug|Any CPU
		{DCC9F35F-C2F5-47B5-8EAB-D0B8CD3CE590}.Release|Any CPU.ActiveCfg = Release|Any CPU
		{DCC9F35F-C2F5-47B5-8EAB-D0B8CD3CE590}.Release|Any CPU.Build.0 = Release|Any CPU
		{90FB9ECE-8D04-413E-9C54-A3D7CDBD1F45}.Debug|Any CPU.ActiveCfg = Debug|Any CPU
		{90FB9ECE-8D04-413E-9C54-A3D7CDBD1F45}.Debug|Any CPU.Build.0 = Debug|Any CPU
		{90FB9ECE-8D04-413E-9C54-A3D7CDBD1F45}.Release|Any CPU.ActiveCfg = Release|Any CPU
		{90FB9ECE-8D04-413E-9C54-A3D7CDBD1F45}.Release|Any CPU.Build.0 = Release|Any CPU
	EndGlobalSection
	GlobalSection(SolutionProperties) = preSolution
		HideSolutionNode = FALSE
	EndGlobalSection
	GlobalSection(ExtensibilityGlobals) = postSolution
		SolutionGuid = {F365B777-4EF1-42AF-9976-9D04891A33CC}
	EndGlobalSection
EndGlobal
